
Microsoft Visual Studio Solution File, Format Version 12.00
# Visual Studio Version 17
VisualStudioVersion = 17.4.33205.214
MinimumVisualStudioVersion = 10.0.40219.1
Project("{FAE04EC0-301F-11D3-BF4B-00C04F79EFBC}") = "Assignment_EFC", "Assignment_EFC\Assignment_EFC.csproj", "{AF1DA3BE-F188-499D-8E3B-F451D89659E8}"
EndProject
Global
	GlobalSection(SolutionConfigurationPlatforms) = preSolution
		Debug|Any CPU = Debug|Any CPU
		Release|Any CPU = Release|Any CPU
	EndGlobalSection
	GlobalSection(ProjectConfigurationPlatforms) = postSolution
		{AF1DA3BE-F188-499D-8E3B-F451D89659E8}.Debug|Any CPU.ActiveCfg = Debug|Any CPU
		{AF1DA3BE-F188-499D-8E3B-F451D89659E8}.Debug|Any CPU.Build.0 = Debug|Any CPU
		{AF1DA3BE-F188-499D-8E3B-F451D89659E8}.Release|Any CPU.ActiveCfg = Release|Any CPU
		{AF1DA3BE-F188-499D-8E3B-F451D89659E8}.Release|Any CPU.Build.0 = Release|Any CPU
	EndGlobalSection
	GlobalSection(SolutionProperties) = preSolution
		HideSolutionNode = FALSE
	EndGlobalSection
	GlobalSection(ExtensibilityGlobals) = postSolution
		SolutionGuid = {860EFD82-148A-4C84-AA1C-E9A13B5B3FEC}
	EndGlobalSection
EndGlobal
